// !$*UTF8*$!
{
	archiveVersion = 1;
	classes = {
	};
	objectVersion = 46;
	objects = {

/* Begin PBXBuildFile section */
		47E60DCD162694450007BBBC /* Foundation.framework in Frameworks */ = {isa = PBXBuildFile; fileRef = 47E60DCC162694450007BBBC /* Foundation.framework */; };
		47E60DD3162694450007BBBC /* InfoPlist.strings in Resources */ = {isa = PBXBuildFile; fileRef = 47E60DD1162694450007BBBC /* InfoPlist.strings */; };
		47E60DDB162694700007BBBC /* Security.framework in Frameworks */ = {isa = PBXBuildFile; fileRef = 47E60DDA162694700007BBBC /* Security.framework */; };
		47E60DDD1626947A0007BBBC /* libxml2.dylib in Frameworks */ = {isa = PBXBuildFile; fileRef = 47E60DDC1626947A0007BBBC /* libxml2.dylib */; };
		47E60E14162694BD0007BBBC /* sugarsync-banner.png in Resources */ = {isa = PBXBuildFile; fileRef = 47E60DDF162694BD0007BBBC /* sugarsync-banner.png */; };
		47E60E15162694BD0007BBBC /* SugarSyncAlbum.m in Sources */ = {isa = PBXBuildFile; fileRef = 47E60DE1162694BD0007BBBC /* SugarSyncAlbum.m */; };
		47E60E16162694BD0007BBBC /* SugarSyncClient.m in Sources */ = {isa = PBXBuildFile; fileRef = 47E60DE2162694BD0007BBBC /* SugarSyncClient.m */; };
		47E60E17162694BD0007BBBC /* SugarSyncCollection.m in Sources */ = {isa = PBXBuildFile; fileRef = 47E60DE3162694BD0007BBBC /* SugarSyncCollection.m */; };
		47E60E18162694BD0007BBBC /* SugarSyncContact.m in Sources */ = {isa = PBXBuildFile; fileRef = 47E60DE4162694BD0007BBBC /* SugarSyncContact.m */; };
		47E60E19162694BD0007BBBC /* SugarSyncFile.m in Sources */ = {isa = PBXBuildFile; fileRef = 47E60DE5162694BD0007BBBC /* SugarSyncFile.m */; };
		47E60E1A162694BD0007BBBC /* SugarSyncFileVersion.m in Sources */ = {isa = PBXBuildFile; fileRef = 47E60DE6162694BD0007BBBC /* SugarSyncFileVersion.m */; };
		47E60E1B162694BD0007BBBC /* SugarSyncFolder.m in Sources */ = {isa = PBXBuildFile; fileRef = 47E60DE7162694BD0007BBBC /* SugarSyncFolder.m */; };
		47E60E1D162694BD0007BBBC /* SugarSyncLoginViewController.m in Sources */ = {isa = PBXBuildFile; fileRef = 47E60DE9162694BD0007BBBC /* SugarSyncLoginViewController.m */; };
		47E60E1E162694BD0007BBBC /* SugarSyncReceivedShare.m in Sources */ = {isa = PBXBuildFile; fileRef = 47E60DEA162694BD0007BBBC /* SugarSyncReceivedShare.m */; };
		47E60E1F162694BD0007BBBC /* SugarSyncUser.m in Sources */ = {isa = PBXBuildFile; fileRef = 47E60DEB162694BD0007BBBC /* SugarSyncUser.m */; };
		47E60E20162694BD0007BBBC /* SugarSyncWorkspace.m in Sources */ = {isa = PBXBuildFile; fileRef = 47E60DEC162694BD0007BBBC /* SugarSyncWorkspace.m */; };
		47E60E22162694BD0007BBBC /* SugarSyncXMLTemplate.m in Sources */ = {isa = PBXBuildFile; fileRef = 47E60DEE162694BD0007BBBC /* SugarSyncXMLTemplate.m */; };
		47E60E2E162694BD0007BBBC /* accessToken.xml in Resources */ = {isa = PBXBuildFile; fileRef = 47E60DFC162694BD0007BBBC /* accessToken.xml */; };
		47E60E2F162694BD0007BBBC /* copyFile.xml in Resources */ = {isa = PBXBuildFile; fileRef = 47E60DFD162694BD0007BBBC /* copyFile.xml */; };
		47E60E30162694BD0007BBBC /* createFile.xml in Resources */ = {isa = PBXBuildFile; fileRef = 47E60DFE162694BD0007BBBC /* createFile.xml */; };
		47E60E31162694BD0007BBBC /* createFolder.xml in Resources */ = {isa = PBXBuildFile; fileRef = 47E60DFF162694BD0007BBBC /* createFolder.xml */; };
		47E60E32162694BD0007BBBC /* login.xml in Resources */ = {isa = PBXBuildFile; fileRef = 47E60E00162694BD0007BBBC /* login.xml */; };
		47E60E33162694BD0007BBBC /* updateFile.xml in Resources */ = {isa = PBXBuildFile; fileRef = 47E60E01162694BD0007BBBC /* updateFile.xml */; };
		47E60E34162694BD0007BBBC /* updateFileImage.xml in Resources */ = {isa = PBXBuildFile; fileRef = 47E60E02162694BD0007BBBC /* updateFileImage.xml */; };
		47E60E35162694BD0007BBBC /* updateFolder.xml in Resources */ = {isa = PBXBuildFile; fileRef = 47E60E03162694BD0007BBBC /* updateFolder.xml */; };
		47E60E36162694BD0007BBBC /* updateWorkspace.xml in Resources */ = {isa = PBXBuildFile; fileRef = 47E60E04162694BD0007BBBC /* updateWorkspace.xml */; };
		47E60E38162694BD0007BBBC /* KeychainItemWrapper.m in Sources */ = {isa = PBXBuildFile; fileRef = 47E60E07162694BD0007BBBC /* KeychainItemWrapper.m */; };
		47E60E3A162694BD0007BBBC /* SSC9Log.m in Sources */ = {isa = PBXBuildFile; fileRef = 47E60E09162694BD0007BBBC /* SSC9Log.m */; };
		47E60E3C162694BD0007BBBC /* SSErrorUtil.m in Sources */ = {isa = PBXBuildFile; fileRef = 47E60E0B162694BD0007BBBC /* SSErrorUtil.m */; };
		47E60E3E162694BD0007BBBC /* SSGenericFormatter.m in Sources */ = {isa = PBXBuildFile; fileRef = 47E60E0D162694BD0007BBBC /* SSGenericFormatter.m */; };
		47E60E40162694BD0007BBBC /* SSHttpFetcher.m in Sources */ = {isa = PBXBuildFile; fileRef = 47E60E0F162694BD0007BBBC /* SSHttpFetcher.m */; };
		47E60E42162694BD0007BBBC /* SSXMLLibUtil.m in Sources */ = {isa = PBXBuildFile; fileRef = 47E60E11162694BD0007BBBC /* SSXMLLibUtil.m */; };
		47E60E44162694BD0007BBBC /* XPathQuery.m in Sources */ = {isa = PBXBuildFile; fileRef = 47E60E13162694BD0007BBBC /* XPathQuery.m */; };
		47E60E4B162698A20007BBBC /* SugarSyncXMLTemplate.h in Headers */ = {isa = PBXBuildFile; fileRef = 47E60DED162694BD0007BBBC /* SugarSyncXMLTemplate.h */; settings = {ATTRIBUTES = (Private, ); }; };
		47E60E4C162698C00007BBBC /* SugarSyncLoginViewController.h in Headers */ = {isa = PBXBuildFile; fileRef = 47E60DE8162694BD0007BBBC /* SugarSyncLoginViewController.h */; settings = {ATTRIBUTES = (Private, ); }; };
		47E60E4D162698D40007BBBC /* SugarSyncAlbum.h in Headers */ = {isa = PBXBuildFile; fileRef = 47E60DF0162694BD0007BBBC /* SugarSyncAlbum.h */; settings = {ATTRIBUTES = (Public, ); }; };
		47E60E4E162698D40007BBBC /* SugarSyncClient.h in Headers */ = {isa = PBXBuildFile; fileRef = 47E60DF1162694BD0007BBBC /* SugarSyncClient.h */; settings = {ATTRIBUTES = (Public, ); }; };
		47E60E4F162698D40007BBBC /* SugarSyncCollection.h in Headers */ = {isa = PBXBuildFile; fileRef = 47E60DF2162694BD0007BBBC /* SugarSyncCollection.h */; settings = {ATTRIBUTES = (Public, ); }; };
		47E60E50162698D40007BBBC /* SugarSyncContact.h in Headers */ = {isa = PBXBuildFile; fileRef = 47E60DF3162694BD0007BBBC /* SugarSyncContact.h */; settings = {ATTRIBUTES = (Public, ); }; };
		47E60E51162698D40007BBBC /* SugarSyncFile.h in Headers */ = {isa = PBXBuildFile; fileRef = 47E60DF4162694BD0007BBBC /* SugarSyncFile.h */; settings = {ATTRIBUTES = (Public, ); }; };
		47E60E52162698D40007BBBC /* SugarSyncFileVersion.h in Headers */ = {isa = PBXBuildFile; fileRef = 47E60DF5162694BD0007BBBC /* SugarSyncFileVersion.h */; settings = {ATTRIBUTES = (Public, ); }; };
		47E60E53162698D40007BBBC /* SugarSyncFolder.h in Headers */ = {isa = PBXBuildFile; fileRef = 47E60DF6162694BD0007BBBC /* SugarSyncFolder.h */; settings = {ATTRIBUTES = (Public, ); }; };
		47E60E54162698D40007BBBC /* SugarSyncReceivedShare.h in Headers */ = {isa = PBXBuildFile; fileRef = 47E60DF7162694BD0007BBBC /* SugarSyncReceivedShare.h */; settings = {ATTRIBUTES = (Public, ); }; };
		47E60E56162698D40007BBBC /* SugarSyncUser.h in Headers */ = {isa = PBXBuildFile; fileRef = 47E60DF9162694BD0007BBBC /* SugarSyncUser.h */; settings = {ATTRIBUTES = (Public, ); }; };
		47E60E57162698D40007BBBC /* SugarSyncWorkspace.h in Headers */ = {isa = PBXBuildFile; fileRef = 47E60DFA162694BD0007BBBC /* SugarSyncWorkspace.h */; settings = {ATTRIBUTES = (Public, ); }; };
/* End PBXBuildFile section */

/* Begin PBXFileReference section */
		47E60DC9162694450007BBBC /* SugarSyncSDK.framework */ = {isa = PBXFileReference; explicitFileType = wrapper.framework.static; includeInIndex = 0; path = SugarSyncSDK.framework; sourceTree = BUILT_PRODUCTS_DIR; };
		47E60DCC162694450007BBBC /* Foundation.framework */ = {isa = PBXFileReference; lastKnownFileType = wrapper.framework; name = Foundation.framework; path = System/Library/Frameworks/Foundation.framework; sourceTree = SDKROOT; };
		47E60DD0162694450007BBBC /* SugarSyncSDK-Info.plist */ = {isa = PBXFileReference; lastKnownFileType = text.plist.xml; path = "SugarSyncSDK-Info.plist"; sourceTree = "<group>"; };
		47E60DD2162694450007BBBC /* en */ = {isa = PBXFileReference; lastKnownFileType = text.plist.strings; name = en; path = en.lproj/InfoPlist.strings; sourceTree = "<group>"; };
		47E60DD4162694450007BBBC /* SugarSyncSDK-Prefix.pch */ = {isa = PBXFileReference; lastKnownFileType = sourcecode.c.h; path = "SugarSyncSDK-Prefix.pch"; sourceTree = "<group>"; };
		47E60DDA162694700007BBBC /* Security.framework */ = {isa = PBXFileReference; lastKnownFileType = wrapper.framework; name = Security.framework; path = System/Library/Frameworks/Security.framework; sourceTree = SDKROOT; };
		47E60DDC1626947A0007BBBC /* libxml2.dylib */ = {isa = PBXFileReference; lastKnownFileType = "compiled.mach-o.dylib"; name = libxml2.dylib; path = usr/lib/libxml2.dylib; sourceTree = SDKROOT; };
		47E60DDF162694BD0007BBBC /* sugarsync-banner.png */ = {isa = PBXFileReference; lastKnownFileType = image.png; path = "sugarsync-banner.png"; sourceTree = "<group>"; };
		47E60DE1162694BD0007BBBC /* SugarSyncAlbum.m */ = {isa = PBXFileReference; fileEncoding = 4; lastKnownFileType = sourcecode.c.objc; path = SugarSyncAlbum.m; sourceTree = "<group>"; };
		47E60DE2162694BD0007BBBC /* SugarSyncClient.m */ = {isa = PBXFileReference; fileEncoding = 4; lastKnownFileType = sourcecode.c.objc; path = SugarSyncClient.m; sourceTree = "<group>"; };
		47E60DE3162694BD0007BBBC /* SugarSyncCollection.m */ = {isa = PBXFileReference; fileEncoding = 4; lastKnownFileType = sourcecode.c.objc; path = SugarSyncCollection.m; sourceTree = "<group>"; };
		47E60DE4162694BD0007BBBC /* SugarSyncContact.m */ = {isa = PBXFileReference; fileEncoding = 4; lastKnownFileType = sourcecode.c.objc; path = SugarSyncContact.m; sourceTree = "<group>"; };
		47E60DE5162694BD0007BBBC /* SugarSyncFile.m */ = {isa = PBXFileReference; fileEncoding = 4; lastKnownFileType = sourcecode.c.objc; path = SugarSyncFile.m; sourceTree = "<group>"; };
		47E60DE6162694BD0007BBBC /* SugarSyncFileVersion.m */ = {isa = PBXFileReference; fileEncoding = 4; lastKnownFileType = sourcecode.c.objc; path = SugarSyncFileVersion.m; sourceTree = "<group>"; };
		47E60DE7162694BD0007BBBC /* SugarSyncFolder.m */ = {isa = PBXFileReference; fileEncoding = 4; lastKnownFileType = sourcecode.c.objc; path = SugarSyncFolder.m; sourceTree = "<group>"; };
		47E60DE8162694BD0007BBBC /* SugarSyncLoginViewController.h */ = {isa = PBXFileReference; fileEncoding = 4; lastKnownFileType = sourcecode.c.h; path = SugarSyncLoginViewController.h; sourceTree = "<group>"; };
		47E60DE9162694BD0007BBBC /* SugarSyncLoginViewController.m */ = {isa = PBXFileReference; fileEncoding = 4; lastKnownFileType = sourcecode.c.objc; path = SugarSyncLoginViewController.m; sourceTree = "<group>"; };
		47E60DEA162694BD0007BBBC /* SugarSyncReceivedShare.m */ = {isa = PBXFileReference; fileEncoding = 4; lastKnownFileType = sourcecode.c.objc; path = SugarSyncReceivedShare.m; sourceTree = "<group>"; };
		47E60DEB162694BD0007BBBC /* SugarSyncUser.m */ = {isa = PBXFileReference; fileEncoding = 4; lastKnownFileType = sourcecode.c.objc; path = SugarSyncUser.m; sourceTree = "<group>"; };
		47E60DEC162694BD0007BBBC /* SugarSyncWorkspace.m */ = {isa = PBXFileReference; fileEncoding = 4; lastKnownFileType = sourcecode.c.objc; path = SugarSyncWorkspace.m; sourceTree = "<group>"; };
		47E60DED162694BD0007BBBC /* SugarSyncXMLTemplate.h */ = {isa = PBXFileReference; fileEncoding = 4; lastKnownFileType = sourcecode.c.h; path = SugarSyncXMLTemplate.h; sourceTree = "<group>"; };
		47E60DEE162694BD0007BBBC /* SugarSyncXMLTemplate.m */ = {isa = PBXFileReference; fileEncoding = 4; lastKnownFileType = sourcecode.c.objc; path = SugarSyncXMLTemplate.m; sourceTree = "<group>"; };
		47E60DF0162694BD0007BBBC /* SugarSyncAlbum.h */ = {isa = PBXFileReference; fileEncoding = 4; lastKnownFileType = sourcecode.c.h; path = SugarSyncAlbum.h; sourceTree = "<group>"; };
		47E60DF1162694BD0007BBBC /* SugarSyncClient.h */ = {isa = PBXFileReference; fileEncoding = 4; lastKnownFileType = sourcecode.c.h; path = SugarSyncClient.h; sourceTree = "<group>"; };
		47E60DF2162694BD0007BBBC /* SugarSyncCollection.h */ = {isa = PBXFileReference; fileEncoding = 4; lastKnownFileType = sourcecode.c.h; path = SugarSyncCollection.h; sourceTree = "<group>"; };
		47E60DF3162694BD0007BBBC /* SugarSyncContact.h */ = {isa = PBXFileReference; fileEncoding = 4; lastKnownFileType = sourcecode.c.h; path = SugarSyncContact.h; sourceTree = "<group>"; };
		47E60DF4162694BD0007BBBC /* SugarSyncFile.h */ = {isa = PBXFileReference; fileEncoding = 4; lastKnownFileType = sourcecode.c.h; path = SugarSyncFile.h; sourceTree = "<group>"; };
		47E60DF5162694BD0007BBBC /* SugarSyncFileVersion.h */ = {isa = PBXFileReference; fileEncoding = 4; lastKnownFileType = sourcecode.c.h; path = SugarSyncFileVersion.h; sourceTree = "<group>"; };
		47E60DF6162694BD0007BBBC /* SugarSyncFolder.h */ = {isa = PBXFileReference; fileEncoding = 4; lastKnownFileType = sourcecode.c.h; path = SugarSyncFolder.h; sourceTree = "<group>"; };
		47E60DF7162694BD0007BBBC /* SugarSyncReceivedShare.h */ = {isa = PBXFileReference; fileEncoding = 4; lastKnownFileType = sourcecode.c.h; path = SugarSyncReceivedShare.h; sourceTree = "<group>"; };
		47E60DF9162694BD0007BBBC /* SugarSyncUser.h */ = {isa = PBXFileReference; fileEncoding = 4; lastKnownFileType = sourcecode.c.h; path = SugarSyncUser.h; sourceTree = "<group>"; };
		47E60DFA162694BD0007BBBC /* SugarSyncWorkspace.h */ = {isa = PBXFileReference; fileEncoding = 4; lastKnownFileType = sourcecode.c.h; path = SugarSyncWorkspace.h; sourceTree = "<group>"; };
		47E60DFC162694BD0007BBBC /* accessToken.xml */ = {isa = PBXFileReference; fileEncoding = 4; lastKnownFileType = text.xml; path = accessToken.xml; sourceTree = "<group>"; };
		47E60DFD162694BD0007BBBC /* copyFile.xml */ = {isa = PBXFileReference; fileEncoding = 4; lastKnownFileType = text.xml; path = copyFile.xml; sourceTree = "<group>"; };
		47E60DFE162694BD0007BBBC /* createFile.xml */ = {isa = PBXFileReference; fileEncoding = 4; lastKnownFileType = text.xml; path = createFile.xml; sourceTree = "<group>"; };
		47E60DFF162694BD0007BBBC /* createFolder.xml */ = {isa = PBXFileReference; fileEncoding = 4; lastKnownFileType = text.xml; path = createFolder.xml; sourceTree = "<group>"; };
		47E60E00162694BD0007BBBC /* login.xml */ = {isa = PBXFileReference; fileEncoding = 4; lastKnownFileType = text.xml; path = login.xml; sourceTree = "<group>"; };
		47E60E01162694BD0007BBBC /* updateFile.xml */ = {isa = PBXFileReference; fileEncoding = 4; lastKnownFileType = text.xml; path = updateFile.xml; sourceTree = "<group>"; };
		47E60E02162694BD0007BBBC /* updateFileImage.xml */ = {isa = PBXFileReference; fileEncoding = 4; lastKnownFileType = text.xml; path = updateFileImage.xml; sourceTree = "<group>"; };
		47E60E03162694BD0007BBBC /* updateFolder.xml */ = {isa = PBXFileReference; fileEncoding = 4; lastKnownFileType = text.xml; path = updateFolder.xml; sourceTree = "<group>"; };
		47E60E04162694BD0007BBBC /* updateWorkspace.xml */ = {isa = PBXFileReference; fileEncoding = 4; lastKnownFileType = text.xml; path = updateWorkspace.xml; sourceTree = "<group>"; };
		47E60E06162694BD0007BBBC /* KeychainItemWrapper.h */ = {isa = PBXFileReference; fileEncoding = 4; lastKnownFileType = sourcecode.c.h; path = KeychainItemWrapper.h; sourceTree = "<group>"; };
		47E60E07162694BD0007BBBC /* KeychainItemWrapper.m */ = {isa = PBXFileReference; fileEncoding = 4; lastKnownFileType = sourcecode.c.objc; path = KeychainItemWrapper.m; sourceTree = "<group>"; };
		47E60E08162694BD0007BBBC /* SSC9Log.h */ = {isa = PBXFileReference; fileEncoding = 4; lastKnownFileType = sourcecode.c.h; path = SSC9Log.h; sourceTree = "<group>"; };
		47E60E09162694BD0007BBBC /* SSC9Log.m */ = {isa = PBXFileReference; fileEncoding = 4; lastKnownFileType = sourcecode.c.objc; path = SSC9Log.m; sourceTree = "<group>"; };
		47E60E0A162694BD0007BBBC /* SSErrorUtil.h */ = {isa = PBXFileReference; fileEncoding = 4; lastKnownFileType = sourcecode.c.h; path = SSErrorUtil.h; sourceTree = "<group>"; };
		47E60E0B162694BD0007BBBC /* SSErrorUtil.m */ = {isa = PBXFileReference; fileEncoding = 4; lastKnownFileType = sourcecode.c.objc; path = SSErrorUtil.m; sourceTree = "<group>"; };
		47E60E0C162694BD0007BBBC /* SSGenericFormatter.h */ = {isa = PBXFileReference; fileEncoding = 4; lastKnownFileType = sourcecode.c.h; path = SSGenericFormatter.h; sourceTree = "<group>"; };
		47E60E0D162694BD0007BBBC /* SSGenericFormatter.m */ = {isa = PBXFileReference; fileEncoding = 4; lastKnownFileType = sourcecode.c.objc; path = SSGenericFormatter.m; sourceTree = "<group>"; };
		47E60E0E162694BD0007BBBC /* SSHttpFetcher.h */ = {isa = PBXFileReference; fileEncoding = 4; lastKnownFileType = sourcecode.c.h; path = SSHttpFetcher.h; sourceTree = "<group>"; };
		47E60E0F162694BD0007BBBC /* SSHttpFetcher.m */ = {isa = PBXFileReference; fileEncoding = 4; lastKnownFileType = sourcecode.c.objc; path = SSHttpFetcher.m; sourceTree = "<group>"; };
		47E60E10162694BD0007BBBC /* SSXMLLibUtil.h */ = {isa = PBXFileReference; fileEncoding = 4; lastKnownFileType = sourcecode.c.h; path = SSXMLLibUtil.h; sourceTree = "<group>"; };
		47E60E11162694BD0007BBBC /* SSXMLLibUtil.m */ = {isa = PBXFileReference; fileEncoding = 4; lastKnownFileType = sourcecode.c.objc; path = SSXMLLibUtil.m; sourceTree = "<group>"; };
		47E60E12162694BD0007BBBC /* XPathQuery.h */ = {isa = PBXFileReference; fileEncoding = 4; lastKnownFileType = sourcecode.c.h; path = XPathQuery.h; sourceTree = "<group>"; };
		47E60E13162694BD0007BBBC /* XPathQuery.m */ = {isa = PBXFileReference; fileEncoding = 4; lastKnownFileType = sourcecode.c.objc; path = XPathQuery.m; sourceTree = "<group>"; };
/* End PBXFileReference section */

/* Begin PBXFrameworksBuildPhase section */
		47E60DC3162694450007BBBC /* Frameworks */ = {
			isa = PBXFrameworksBuildPhase;
			buildActionMask = 2147483647;
			files = (
				47E60DDD1626947A0007BBBC /* libxml2.dylib in Frameworks */,
				47E60DDB162694700007BBBC /* Security.framework in Frameworks */,
				47E60DCD162694450007BBBC /* Foundation.framework in Frameworks */,
			);
			runOnlyForDeploymentPostprocessing = 0;
		};
/* End PBXFrameworksBuildPhase section */

/* Begin PBXGroup section */
		47E60DBA162694450007BBBC = {
			isa = PBXGroup;
			children = (
				47E60DCE162694450007BBBC /* SugarSyncSDK */,
				47E60DCB162694450007BBBC /* Frameworks */,
				47E60DCA162694450007BBBC /* Products */,
			);
			sourceTree = "<group>";
		};
		47E60DCA162694450007BBBC /* Products */ = {
			isa = PBXGroup;
			children = (
				47E60DC9162694450007BBBC /* SugarSyncSDK.framework */,
			);
			name = Products;
			sourceTree = "<group>";
		};
		47E60DCB162694450007BBBC /* Frameworks */ = {
			isa = PBXGroup;
			children = (
				47E60DDC1626947A0007BBBC /* libxml2.dylib */,
				47E60DDA162694700007BBBC /* Security.framework */,
				47E60DCC162694450007BBBC /* Foundation.framework */,
			);
			name = Frameworks;
			sourceTree = "<group>";
		};
		47E60DCE162694450007BBBC /* SugarSyncSDK */ = {
			isa = PBXGroup;
			children = (
				47E60DDE162694BD0007BBBC /* Images */,
				47E60DE0162694BD0007BBBC /* Private */,
				47E60DEF162694BD0007BBBC /* Public Headers */,
				47E60DFB162694BD0007BBBC /* Templates */,
				47E60E05162694BD0007BBBC /* Utilities */,
				47E60DCF162694450007BBBC /* Supporting Files */,
			);
			path = SugarSyncSDK;
			sourceTree = "<group>";
		};
		47E60DCF162694450007BBBC /* Supporting Files */ = {
			isa = PBXGroup;
			children = (
				47E60DD0162694450007BBBC /* SugarSyncSDK-Info.plist */,
				47E60DD1162694450007BBBC /* InfoPlist.strings */,
				47E60DD4162694450007BBBC /* SugarSyncSDK-Prefix.pch */,
			);
			name = "Supporting Files";
			sourceTree = "<group>";
		};
		47E60DDE162694BD0007BBBC /* Images */ = {
			isa = PBXGroup;
			children = (
				47E60DDF162694BD0007BBBC /* sugarsync-banner.png */,
			);
			path = Images;
			sourceTree = "<group>";
		};
		47E60DE0162694BD0007BBBC /* Private */ = {
			isa = PBXGroup;
			children = (
				47E60DE1162694BD0007BBBC /* SugarSyncAlbum.m */,
				47E60DE2162694BD0007BBBC /* SugarSyncClient.m */,
				47E60DE3162694BD0007BBBC /* SugarSyncCollection.m */,
				47E60DE4162694BD0007BBBC /* SugarSyncContact.m */,
				47E60DE5162694BD0007BBBC /* SugarSyncFile.m */,
				47E60DE6162694BD0007BBBC /* SugarSyncFileVersion.m */,
				47E60DE7162694BD0007BBBC /* SugarSyncFolder.m */,
				47E60DE8162694BD0007BBBC /* SugarSyncLoginViewController.h */,
				47E60DE9162694BD0007BBBC /* SugarSyncLoginViewController.m */,
				47E60DEA162694BD0007BBBC /* SugarSyncReceivedShare.m */,
				47E60DEB162694BD0007BBBC /* SugarSyncUser.m */,
				47E60DEC162694BD0007BBBC /* SugarSyncWorkspace.m */,
				47E60DED162694BD0007BBBC /* SugarSyncXMLTemplate.h */,
				47E60DEE162694BD0007BBBC /* SugarSyncXMLTemplate.m */,
			);
			path = Private;
			sourceTree = "<group>";
		};
		47E60DEF162694BD0007BBBC /* Public Headers */ = {
			isa = PBXGroup;
			children = (
				47E60DF0162694BD0007BBBC /* SugarSyncAlbum.h */,
				47E60DF1162694BD0007BBBC /* SugarSyncClient.h */,
				47E60DF2162694BD0007BBBC /* SugarSyncCollection.h */,
				47E60DF3162694BD0007BBBC /* SugarSyncContact.h */,
				47E60DF4162694BD0007BBBC /* SugarSyncFile.h */,
				47E60DF5162694BD0007BBBC /* SugarSyncFileVersion.h */,
				47E60DF6162694BD0007BBBC /* SugarSyncFolder.h */,
				47E60DF7162694BD0007BBBC /* SugarSyncReceivedShare.h */,
				47E60DF9162694BD0007BBBC /* SugarSyncUser.h */,
				47E60DFA162694BD0007BBBC /* SugarSyncWorkspace.h */,
			);
			path = "Public Headers";
			sourceTree = "<group>";
		};
		47E60DFB162694BD0007BBBC /* Templates */ = {
			isa = PBXGroup;
			children = (
				47E60DFC162694BD0007BBBC /* accessToken.xml */,
				47E60DFD162694BD0007BBBC /* copyFile.xml */,
				47E60DFE162694BD0007BBBC /* createFile.xml */,
				47E60DFF162694BD0007BBBC /* createFolder.xml */,
				47E60E00162694BD0007BBBC /* login.xml */,
				47E60E01162694BD0007BBBC /* updateFile.xml */,
				47E60E02162694BD0007BBBC /* updateFileImage.xml */,
				47E60E03162694BD0007BBBC /* updateFolder.xml */,
				47E60E04162694BD0007BBBC /* updateWorkspace.xml */,
			);
			path = Templates;
			sourceTree = "<group>";
		};
		47E60E05162694BD0007BBBC /* Utilities */ = {
			isa = PBXGroup;
			children = (
				47E60E06162694BD0007BBBC /* KeychainItemWrapper.h */,
				47E60E07162694BD0007BBBC /* KeychainItemWrapper.m */,
				47E60E08162694BD0007BBBC /* SSC9Log.h */,
				47E60E09162694BD0007BBBC /* SSC9Log.m */,
				47E60E0A162694BD0007BBBC /* SSErrorUtil.h */,
				47E60E0B162694BD0007BBBC /* SSErrorUtil.m */,
				47E60E0C162694BD0007BBBC /* SSGenericFormatter.h */,
				47E60E0D162694BD0007BBBC /* SSGenericFormatter.m */,
				47E60E0E162694BD0007BBBC /* SSHttpFetcher.h */,
				47E60E0F162694BD0007BBBC /* SSHttpFetcher.m */,
				47E60E10162694BD0007BBBC /* SSXMLLibUtil.h */,
				47E60E11162694BD0007BBBC /* SSXMLLibUtil.m */,
				47E60E12162694BD0007BBBC /* XPathQuery.h */,
				47E60E13162694BD0007BBBC /* XPathQuery.m */,
			);
			path = Utilities;
			sourceTree = "<group>";
		};
/* End PBXGroup section */

/* Begin PBXHeadersBuildPhase section */
		47E60DC4162694450007BBBC /* Headers */ = {
			isa = PBXHeadersBuildPhase;
			buildActionMask = 2147483647;
			files = (
				47E60E4D162698D40007BBBC /* SugarSyncAlbum.h in Headers */,
				47E60E4E162698D40007BBBC /* SugarSyncClient.h in Headers */,
				47E60E4F162698D40007BBBC /* SugarSyncCollection.h in Headers */,
				47E60E50162698D40007BBBC /* SugarSyncContact.h in Headers */,
				47E60E51162698D40007BBBC /* SugarSyncFile.h in Headers */,
				47E60E52162698D40007BBBC /* SugarSyncFileVersion.h in Headers */,
				47E60E53162698D40007BBBC /* SugarSyncFolder.h in Headers */,
				47E60E54162698D40007BBBC /* SugarSyncReceivedShare.h in Headers */,
				47E60E56162698D40007BBBC /* SugarSyncUser.h in Headers */,
				47E60E57162698D40007BBBC /* SugarSyncWorkspace.h in Headers */,
				47E60E4B162698A20007BBBC /* SugarSyncXMLTemplate.h in Headers */,
				47E60E4C162698C00007BBBC /* SugarSyncLoginViewController.h in Headers */,
			);
			runOnlyForDeploymentPostprocessing = 0;
		};
/* End PBXHeadersBuildPhase section */

/* Begin PBXNativeTarget section */
		47E60DC8162694450007BBBC /* SugarSyncSDK */ = {
			isa = PBXNativeTarget;
			buildConfigurationList = 47E60DD7162694450007BBBC /* Build configuration list for PBXNativeTarget "SugarSyncSDK" */;
			buildPhases = (
				47E60DC1162694450007BBBC /* ShellScript */,
				47E60DC2162694450007BBBC /* Sources */,
				47E60DC3162694450007BBBC /* Frameworks */,
				47E60DC4162694450007BBBC /* Headers */,
				47E60DC5162694450007BBBC /* Resources */,
				47E60DC6162694450007BBBC /* ShellScript */,
				47E60DC7162694450007BBBC /* ShellScript */,
			);
			buildRules = (
			);
			dependencies = (
			);
			name = SugarSyncSDK;
			productName = SugarSyncSDK;
			productReference = 47E60DC9162694450007BBBC /* SugarSyncSDK.framework */;
			productType = "com.apple.product-type.framework.static";
		};
/* End PBXNativeTarget section */

/* Begin PBXProject section */
		47E60DBC162694450007BBBC /* Project object */ = {
			isa = PBXProject;
			attributes = {
				LastUpgradeCheck = 0450;
				ORGANIZATIONNAME = Cloud9;
			};
			buildConfigurationList = 47E60DBF162694450007BBBC /* Build configuration list for PBXProject "SugarSyncSDK" */;
			compatibilityVersion = "Xcode 3.2";
			developmentRegion = English;
			hasScannedForEncodings = 0;
			knownRegions = (
				en,
			);
			mainGroup = 47E60DBA162694450007BBBC;
			productRefGroup = 47E60DCA162694450007BBBC /* Products */;
			projectDirPath = "";
			projectRoot = "";
			targets = (
				47E60DC8162694450007BBBC /* SugarSyncSDK */,
			);
		};
/* End PBXProject section */

/* Begin PBXResourcesBuildPhase section */
		47E60DC5162694450007BBBC /* Resources */ = {
			isa = PBXResourcesBuildPhase;
			buildActionMask = 2147483647;
			files = (
				47E60DD3162694450007BBBC /* InfoPlist.strings in Resources */,
				47E60E14162694BD0007BBBC /* sugarsync-banner.png in Resources */,
				47E60E2E162694BD0007BBBC /* accessToken.xml in Resources */,
				47E60E2F162694BD0007BBBC /* copyFile.xml in Resources */,
				47E60E30162694BD0007BBBC /* createFile.xml in Resources */,
				47E60E31162694BD0007BBBC /* createFolder.xml in Resources */,
				47E60E32162694BD0007BBBC /* login.xml in Resources */,
				47E60E33162694BD0007BBBC /* updateFile.xml in Resources */,
				47E60E34162694BD0007BBBC /* updateFileImage.xml in Resources */,
				47E60E35162694BD0007BBBC /* updateFolder.xml in Resources */,
				47E60E36162694BD0007BBBC /* updateWorkspace.xml in Resources */,
			);
			runOnlyForDeploymentPostprocessing = 0;
		};
/* End PBXResourcesBuildPhase section */

/* Begin PBXShellScriptBuildPhase section */
		47E60DC1162694450007BBBC /* ShellScript */ = {
			isa = PBXShellScriptBuildPhase;
			buildActionMask = 2147483647;
			files = (
			);
			inputPaths = (
			);
			outputPaths = (
			);
			runOnlyForDeploymentPostprocessing = 0;
			shellPath = /bin/sh;
			shellScript = "set -e\n\nset +u\nif [[ $UFW_MASTER_SCRIPT_RUNNING ]]\nthen\n    # Nothing for the slave script to do\n    exit 0\nfi\nset -u\n\nif [[ \"$SDK_NAME\" =~ ([A-Za-z]+) ]]\nthen\n    UFW_SDK_PLATFORM=${BASH_REMATCH[1]}\nelse\n    echo \"Could not find platform name from SDK_NAME: $SDK_NAME\"\n    exit 1\nfi\n\nif [[ \"$SDK_NAME\" =~ ([0-9]+.*$) ]]\nthen\n\tUFW_SDK_VERSION=${BASH_REMATCH[1]}\nelse\n    echo \"Could not find sdk version  from SDK_NAME: $SDK_NAME\"\n    exit 1\nfi\n\nif [[ \"$UFW_SDK_PLATFORM\" = \"iphoneos\" ]]\nthen\n    UFW_OTHER_PLATFORM=iphonesimulator\nelse\n    UFW_OTHER_PLATFORM=iphoneos\nfi\n\nif [[ \"$BUILT_PRODUCTS_DIR\" =~ (.*)$UFW_SDK_PLATFORM$ ]]\nthen\n    UFW_OTHER_BUILT_PRODUCTS_DIR=\"${BASH_REMATCH[1]}${UFW_OTHER_PLATFORM}\"\nelse\n    echo \"Could not find $UFW_SDK_PLATFORM in $BUILT_PRODUCTS_DIR\"\n    exit 1\nfi\n\nONLY_ACTIVE_PLATFORM=${ONLY_ACTIVE_PLATFORM:-$ONLY_ACTIVE_ARCH}\n\n# Short-circuit if all binaries are up to date\n\nif [[ -f \"${BUILT_PRODUCTS_DIR}/${EXECUTABLE_PATH}\" ]] && \\\n   [[ -f \"${BUILT_PRODUCTS_DIR}/${PRODUCT_NAME}.embeddedframework/${EXECUTABLE_PATH}\" ]] && \\\n   [[ ! \"${BUILT_PRODUCTS_DIR}/${EXECUTABLE_PATH}\" -nt \"${BUILT_PRODUCTS_DIR}/${PRODUCT_NAME}.embeddedframework/${EXECUTABLE_PATH}\" ]] && \\\n  ([[ \"${ONLY_ACTIVE_PLATFORM}\" == \"YES\" ]] || \\\n    ([[ -f \"${UFW_OTHER_BUILT_PRODUCTS_DIR}/${EXECUTABLE_PATH}\" ]] && \\\n     [[ -f \"${UFW_OTHER_BUILT_PRODUCTS_DIR}/${PRODUCT_NAME}.embeddedframework/${EXECUTABLE_PATH}\" ]] && \\\n     [[ ! \"${UFW_OTHER_BUILT_PRODUCTS_DIR}/${EXECUTABLE_PATH}\" -nt \"${UFW_OTHER_BUILT_PRODUCTS_DIR}/${PRODUCT_NAME}.embeddedframework/${EXECUTABLE_PATH}\" ]]\n    )\n  )\nthen\n    exit 0\nfi\n\n\n# Clean other platform if needed\n\nif [[ ! -f \"${BUILT_PRODUCTS_DIR}/${EXECUTABLE_PATH}\" ]] && [[ \"${ONLY_ACTIVE_PLATFORM}\" != \"YES\" ]]\nthen\n\techo \"Platform \\\"$UFW_SDK_PLATFORM\\\" was cleaned recently. Cleaning \\\"$UFW_OTHER_PLATFORM\\\" as well\"\n\techo xcodebuild -project \"${PROJECT_FILE_PATH}\" -target \"${TARGET_NAME}\" -configuration \"${CONFIGURATION}\" -sdk ${UFW_OTHER_PLATFORM}${UFW_SDK_VERSION} BUILD_DIR=\"${BUILD_DIR}\" CONFIGURATION_TEMP_DIR=\"${PROJECT_TEMP_DIR}/${CONFIGURATION}-${UFW_OTHER_PLATFORM}\" clean\n\txcodebuild -project \"${PROJECT_FILE_PATH}\" -target \"${TARGET_NAME}\" -configuration \"${CONFIGURATION}\" -sdk ${UFW_OTHER_PLATFORM}${UFW_SDK_VERSION} BUILD_DIR=\"${BUILD_DIR}\" CONFIGURATION_TEMP_DIR=\"${PROJECT_TEMP_DIR}/${CONFIGURATION}-${UFW_OTHER_PLATFORM}\" clean\nfi\n\n\n# Make sure we are building from fresh binaries\n\nrm -rf \"${BUILT_PRODUCTS_DIR}/${EXECUTABLE_PATH}\"\nrm -rf \"${BUILT_PRODUCTS_DIR}/${PRODUCT_NAME}.embeddedframework\"\n\nif [[ \"${ONLY_ACTIVE_PLATFORM}\" != \"YES\" ]]\nthen\n    rm -rf \"${UFW_OTHER_BUILT_PRODUCTS_DIR}/${EXECUTABLE_PATH}\"\n    rm -rf \"${UFW_OTHER_BUILT_PRODUCTS_DIR}/${PRODUCT_NAME}.embeddedframework\"\nfi\n";
		};
		47E60DC6162694450007BBBC /* ShellScript */ = {
			isa = PBXShellScriptBuildPhase;
			buildActionMask = 2147483647;
			files = (
			);
			inputPaths = (
			);
			outputPaths = (
			);
			runOnlyForDeploymentPostprocessing = 0;
			shellPath = /bin/sh;
			shellScript = "HEADERS_ROOT=$SRCROOT/$PRODUCT_NAME\nFRAMEWORK_HEADERS_DIR=\"$BUILT_PRODUCTS_DIR/$WRAPPER_NAME/Versions/$FRAMEWORK_VERSION/Headers\"\n\n## only header files expected at this point\nPUBLIC_HEADERS=$(find $FRAMEWORK_HEADERS_DIR/. -not -type d 2> /dev/null | sed -e \"s@.*/@@g\")\n\nFIND_OPTS=\"\"\nfor PUBLIC_HEADER in $PUBLIC_HEADERS; do\n  if [ -n \"$FIND_OPTS\" ]; then\n    FIND_OPTS=\"$FIND_OPTS -o\"\n  fi\n  FIND_OPTS=\"$FIND_OPTS -name '$PUBLIC_HEADER'\"\ndone\n\nif [ -n \"$FIND_OPTS\" ]; then\n  for ORIG_HEADER in $(eval \"find $HEADERS_ROOT/. $FIND_OPTS\" 2> /dev/null | sed -e \"s@^$HEADERS_ROOT/./@@g\"); do\n    PUBLIC_HEADER=$(basename $ORIG_HEADER)\n    RELATIVE_PATH=$(dirname $ORIG_HEADER)\n#   if [ -e $FRAMEWORK_HEADERS_DIR/$PUBLIC_HEADER ]; then\n#mkdir -p \"$FRAMEWORK_HEADERS_DIR/$RELATIVE_PATH\"\n#    mv \"$FRAMEWORK_HEADERS_DIR/$PUBLIC_HEADER\" \"$FRAMEWORK_HEADERS_DIR/$RELATIVE_PATH/$PUBLIC_HEADER\"\n#   fi\n  done\nfi\n";
		};
		47E60DC7162694450007BBBC /* ShellScript */ = {
			isa = PBXShellScriptBuildPhase;
			buildActionMask = 2147483647;
			files = (
			);
			inputPaths = (
			);
			outputPaths = (
			);
			runOnlyForDeploymentPostprocessing = 0;
			shellPath = /bin/sh;
			shellScript = "set -e\n\nset +u\nif [[ $UFW_MASTER_SCRIPT_RUNNING ]]\nthen\n    # Nothing for the slave script to do\n    exit 0\nfi\nset -u\nexport UFW_MASTER_SCRIPT_RUNNING=1\n\n\n# Functions\n\n## List files in the specified directory, storing to the specified array.\n#\n# @param $1 The path to list\n# @param $2 The name of the array to fill\n#\n##\nlist_files ()\n{\n    filelist=$(ls \"$1\")\n    while read line\n    do\n        eval \"$2[\\${#$2[*]}]=\\\"\\$line\\\"\"\n    done <<< \"$filelist\"\n}\n\n\n# Sanity check\n\nif [[ ! -f \"${BUILT_PRODUCTS_DIR}/${EXECUTABLE_PATH}\" ]]\nthen\n    echo \"Framework target \\\"${TARGET_NAME}\\\" had no source files to build from. Make sure your source files have the correct target membership\"\n    exit 1\nfi\n\n\n# Gather information\n\nif [[ \"$SDK_NAME\" =~ ([A-Za-z]+) ]]\nthen\n    UFW_SDK_PLATFORM=${BASH_REMATCH[1]}\nelse\n    echo \"Could not find platform name from SDK_NAME: $SDK_NAME\"\n    exit 1\nfi\n\nif [[ \"$SDK_NAME\" =~ ([0-9]+.*$) ]]\nthen\n    UFW_SDK_VERSION=${BASH_REMATCH[1]}\nelse\n    echo \"Could not find sdk version from SDK_NAME: $SDK_NAME\"\n    exit 1\nfi\n\nif [[ \"$UFW_SDK_PLATFORM\" = \"iphoneos\" ]]\nthen\n    UFW_OTHER_PLATFORM=iphonesimulator\nelse\n    UFW_OTHER_PLATFORM=iphoneos\nfi\n\nif [[ \"$BUILT_PRODUCTS_DIR\" =~ (.*)$UFW_SDK_PLATFORM$ ]]\nthen\n    UFW_OTHER_BUILT_PRODUCTS_DIR=\"${BASH_REMATCH[1]}${UFW_OTHER_PLATFORM}\"\nelse\n    echo \"Could not find $UFW_SDK_PLATFORM in $BUILT_PRODUCTS_DIR\"\n    exit 1\nfi\n\nONLY_ACTIVE_PLATFORM=${ONLY_ACTIVE_PLATFORM:-$ONLY_ACTIVE_ARCH}\n\n# Short-circuit if all binaries are up to date.\n# We already checked the other platform in the prerun script.\n\nif [[ -f \"${BUILT_PRODUCTS_DIR}/${EXECUTABLE_PATH}\" ]] && [[ -f \"${BUILT_PRODUCTS_DIR}/${PRODUCT_NAME}.embeddedframework/${EXECUTABLE_PATH}\" ]] && [[ ! \"${BUILT_PRODUCTS_DIR}/${EXECUTABLE_PATH}\" -nt \"${BUILT_PRODUCTS_DIR}/${PRODUCT_NAME}.embeddedframework/${EXECUTABLE_PATH}\" ]]\nthen\n    exit 0\nfi\n\nif [ \"${ONLY_ACTIVE_PLATFORM}\" == \"YES\" ]\nthen\n    echo \"ONLY_ACTIVE_PLATFORM=${ONLY_ACTIVE_PLATFORM}: Skipping other platform build\"\nelse\n    # Make sure the other platform gets built\n    \n    echo \"Build other platform\"\n    \n    echo xcodebuild -project \"${PROJECT_FILE_PATH}\" -target \"${TARGET_NAME}\" -configuration \"${CONFIGURATION}\" -sdk ${UFW_OTHER_PLATFORM}${UFW_SDK_VERSION} BUILD_DIR=\"${BUILD_DIR}\" CONFIGURATION_TEMP_DIR=\"${PROJECT_TEMP_DIR}/${CONFIGURATION}-${UFW_OTHER_PLATFORM}\" $ACTION\n    xcodebuild -project \"${PROJECT_FILE_PATH}\" -target \"${TARGET_NAME}\" -configuration \"${CONFIGURATION}\" -sdk ${UFW_OTHER_PLATFORM}${UFW_SDK_VERSION} BUILD_DIR=\"${BUILD_DIR}\" CONFIGURATION_TEMP_DIR=\"${PROJECT_TEMP_DIR}/${CONFIGURATION}-${UFW_OTHER_PLATFORM}\" $ACTION\n    \n    \n    # Build the fat static library binary\n    \n    echo \"Create universal static library\"\n    \n    echo \"$PLATFORM_DEVELOPER_BIN_DIR/libtool\" -static \"${BUILT_PRODUCTS_DIR}/${EXECUTABLE_PATH}\" \"${UFW_OTHER_BUILT_PRODUCTS_DIR}/${EXECUTABLE_PATH}\" -o \"${BUILT_PRODUCTS_DIR}/${EXECUTABLE_PATH}.temp\"\n    \"$PLATFORM_DEVELOPER_BIN_DIR/libtool\" -static \"${BUILT_PRODUCTS_DIR}/${EXECUTABLE_PATH}\" \"${UFW_OTHER_BUILT_PRODUCTS_DIR}/${EXECUTABLE_PATH}\" -o \"${BUILT_PRODUCTS_DIR}/${EXECUTABLE_PATH}.temp\"\n    \n    echo mv \"${BUILT_PRODUCTS_DIR}/${EXECUTABLE_PATH}.temp\" \"${BUILT_PRODUCTS_DIR}/${EXECUTABLE_PATH}\"\n    mv \"${BUILT_PRODUCTS_DIR}/${EXECUTABLE_PATH}.temp\" \"${BUILT_PRODUCTS_DIR}/${EXECUTABLE_PATH}\"\nfi\n\n# Build embedded framework structure\n\necho \"Build Embedded Framework\"\n\necho rm -rf \"${BUILT_PRODUCTS_DIR}/${PRODUCT_NAME}.embeddedframework\"\nrm -rf \"${BUILT_PRODUCTS_DIR}/${PRODUCT_NAME}.embeddedframework\"\necho mkdir -p \"${BUILT_PRODUCTS_DIR}/${PRODUCT_NAME}.embeddedframework/Resources\"\nmkdir -p \"${BUILT_PRODUCTS_DIR}/${PRODUCT_NAME}.embeddedframework/Resources\"\necho cp -a \"${BUILT_PRODUCTS_DIR}/${WRAPPER_NAME}\" \"${BUILT_PRODUCTS_DIR}/${PRODUCT_NAME}.embeddedframework/\"\ncp -a \"${BUILT_PRODUCTS_DIR}/${WRAPPER_NAME}\" \"${BUILT_PRODUCTS_DIR}/${PRODUCT_NAME}.embeddedframework/\"\n\ndeclare -a UFW_FILE_LIST\nlist_files \"${BUILT_PRODUCTS_DIR}/${UNLOCALIZED_RESOURCES_FOLDER_PATH}\" UFW_FILE_LIST\nfor filename in \"${UFW_FILE_LIST[@]}\"\ndo\n    if [[ \"${filename}\" != \"Info.plist\" ]] && [[ ! \"${filename}\" =~ .*\\.lproj$ ]]\n    then\n        echo ln -sfh \"../${WRAPPER_NAME}/Resources/${filename}\" \"${BUILT_PRODUCTS_DIR}/${PRODUCT_NAME}.embeddedframework/Resources/${filename}\"\n        ln -sfh \"../${WRAPPER_NAME}/Resources/${filename}\" \"${BUILT_PRODUCTS_DIR}/${PRODUCT_NAME}.embeddedframework/Resources/${filename}\"\n    fi\ndone\n\n\nif [ \"${ONLY_ACTIVE_PLATFORM}\" != \"YES\" ]\nthen\n    # Replace other platform's framework with a copy of this one (so that both have the same universal binary)\n    \n    echo \"Copy from $UFW_SDK_PLATFORM to $UFW_OTHER_PLATFORM\"\n    \n    echo rm -rf \"${BUILD_DIR}/${CONFIGURATION}-${UFW_OTHER_PLATFORM}\"\n    rm -rf \"${BUILD_DIR}/${CONFIGURATION}-${UFW_OTHER_PLATFORM}\"\n    echo cp -a \"${BUILD_DIR}/${CONFIGURATION}-${UFW_SDK_PLATFORM}\" \"${BUILD_DIR}/${CONFIGURATION}-${UFW_OTHER_PLATFORM}\"\n    cp -a \"${BUILD_DIR}/${CONFIGURATION}-${UFW_SDK_PLATFORM}\" \"${BUILD_DIR}/${CONFIGURATION}-${UFW_OTHER_PLATFORM}\"\nfi\n";
		};
/* End PBXShellScriptBuildPhase section */

/* Begin PBXSourcesBuildPhase section */
		47E60DC2162694450007BBBC /* Sources */ = {
			isa = PBXSourcesBuildPhase;
			buildActionMask = 2147483647;
			files = (
				47E60E15162694BD0007BBBC /* SugarSyncAlbum.m in Sources */,
				47E60E16162694BD0007BBBC /* SugarSyncClient.m in Sources */,
				47E60E17162694BD0007BBBC /* SugarSyncCollection.m in Sources */,
				47E60E18162694BD0007BBBC /* SugarSyncContact.m in Sources */,
				47E60E19162694BD0007BBBC /* SugarSyncFile.m in Sources */,
				47E60E1A162694BD0007BBBC /* SugarSyncFileVersion.m in Sources */,
				47E60E1B162694BD0007BBBC /* SugarSyncFolder.m in Sources */,
				47E60E1D162694BD0007BBBC /* SugarSyncLoginViewController.m in Sources */,
				47E60E1E162694BD0007BBBC /* SugarSyncReceivedShare.m in Sources */,
				47E60E1F162694BD0007BBBC /* SugarSyncUser.m in Sources */,
				47E60E20162694BD0007BBBC /* SugarSyncWorkspace.m in Sources */,
				47E60E22162694BD0007BBBC /* SugarSyncXMLTemplate.m in Sources */,
				47E60E38162694BD0007BBBC /* KeychainItemWrapper.m in Sources */,
				47E60E3A162694BD0007BBBC /* SSC9Log.m in Sources */,
				47E60E3C162694BD0007BBBC /* SSErrorUtil.m in Sources */,
				47E60E3E162694BD0007BBBC /* SSGenericFormatter.m in Sources */,
				47E60E40162694BD0007BBBC /* SSHttpFetcher.m in Sources */,
				47E60E42162694BD0007BBBC /* SSXMLLibUtil.m in Sources */,
				47E60E44162694BD0007BBBC /* XPathQuery.m in Sources */,
			);
			runOnlyForDeploymentPostprocessing = 0;
		};
/* End PBXSourcesBuildPhase section */

/* Begin PBXVariantGroup section */
		47E60DD1162694450007BBBC /* InfoPlist.strings */ = {
			isa = PBXVariantGroup;
			children = (
				47E60DD2162694450007BBBC /* en */,
			);
			name = InfoPlist.strings;
			sourceTree = "<group>";
		};
/* End PBXVariantGroup section */

/* Begin XCBuildConfiguration section */
		47E60DD5162694450007BBBC /* Debug */ = {
			isa = XCBuildConfiguration;
			buildSettings = {
				ALWAYS_SEARCH_USER_PATHS = NO;
				CLANG_CXX_LANGUAGE_STANDARD = "gnu++0x";
				CLANG_CXX_LIBRARY = "libc++";
				CLANG_WARN_EMPTY_BODY = YES;
				CLANG_WARN__DUPLICATE_METHOD_MATCH = YES;
				COPY_PHASE_STRIP = NO;
				GCC_C_LANGUAGE_STANDARD = gnu99;
				GCC_DYNAMIC_NO_PIC = NO;
				GCC_OPTIMIZATION_LEVEL = 0;
				GCC_PREPROCESSOR_DEFINITIONS = (
					"DEBUG=1",
					"$(inherited)",
				);
				GCC_SYMBOLS_PRIVATE_EXTERN = NO;
				GCC_WARN_ABOUT_RETURN_TYPE = YES;
				GCC_WARN_UNINITIALIZED_AUTOS = YES;
				GCC_WARN_UNUSED_VARIABLE = YES;
				IPHONEOS_DEPLOYMENT_TARGET = 6.0;
				ONLY_ACTIVE_ARCH = YES;
				SDKROOT = iphoneos;
			};
			name = Debug;
		};
		47E60DD6162694450007BBBC /* Release */ = {
			isa = XCBuildConfiguration;
			buildSettings = {
				ALWAYS_SEARCH_USER_PATHS = NO;
				CLANG_CXX_LANGUAGE_STANDARD = "gnu++0x";
				CLANG_CXX_LIBRARY = "libc++";
				CLANG_WARN_EMPTY_BODY = YES;
				CLANG_WARN__DUPLICATE_METHOD_MATCH = YES;
				COPY_PHASE_STRIP = YES;
				GCC_C_LANGUAGE_STANDARD = gnu99;
				GCC_WARN_ABOUT_RETURN_TYPE = YES;
				GCC_WARN_UNINITIALIZED_AUTOS = YES;
				GCC_WARN_UNUSED_VARIABLE = YES;
				IPHONEOS_DEPLOYMENT_TARGET = 6.0;
				SDKROOT = iphoneos;
				VALIDATE_PRODUCT = YES;
			};
			name = Release;
		};
		47E60DD8162694450007BBBC /* Debug */ = {
			isa = XCBuildConfiguration;
			buildSettings = {
				ARCHS = (
					armv6,
					"$(ARCHS_STANDARD_32_BIT)",
				);
				DYLIB_COMPATIBILITY_VERSION = 1;
				DYLIB_CURRENT_VERSION = 1;
				FRAMEWORK_VERSION = A;
				GCC_PRECOMPILE_PREFIX_HEADER = YES;
				GCC_PREFIX_HEADER = "SugarSyncSDK/SugarSyncSDK-Prefix.pch";
				HEADER_SEARCH_PATHS = "$(SDKROOT)/usr/include/libxml2";
				INFOPLIST_FILE = "SugarSyncSDK/SugarSyncSDK-Info.plist";
				LD_DYLIB_INSTALL_NAME = "@loader_path/../Frameworks/$(EXECUTABLE_PATH)";
				PRODUCT_NAME = "$(TARGET_NAME)";
				SKIP_INSTALL = NO;
				WRAPPER_EXTENSION = framework;
			};
			name = Debug;
		};
		47E60DD9162694450007BBBC /* Release */ = {
			isa = XCBuildConfiguration;
			buildSettings = {
				ARCHS = (
					armv6,
					"$(ARCHS_STANDARD_32_BIT)",
				);
				DYLIB_COMPATIBILITY_VERSION = 1;
				DYLIB_CURRENT_VERSION = 1;
				FRAMEWORK_VERSION = A;
				GCC_PRECOMPILE_PREFIX_HEADER = YES;
				GCC_PREFIX_HEADER = "SugarSyncSDK/SugarSyncSDK-Prefix.pch";
				HEADER_SEARCH_PATHS = "$(SDKROOT)/usr/include/libxml2";
				INFOPLIST_FILE = "SugarSyncSDK/SugarSyncSDK-Info.plist";
				LD_DYLIB_INSTALL_NAME = "@loader_path/../Frameworks/$(EXECUTABLE_PATH)";
				PRODUCT_NAME = "$(TARGET_NAME)";
				SKIP_INSTALL = NO;
				WRAPPER_EXTENSION = framework;
			};
			name = Release;
		};
/* End XCBuildConfiguration section */

/* Begin XCConfigurationList section */
		47E60DBF162694450007BBBC /* Build configuration list for PBXProject "SugarSyncSDK" */ = {
			isa = XCConfigurationList;
			buildConfigurations = (
				47E60DD5162694450007BBBC /* Debug */,
				47E60DD6162694450007BBBC /* Release */,
			);
			defaultConfigurationIsVisible = 0;
			defaultConfigurationName = Release;
		};
		47E60DD7162694450007BBBC /* Build configuration list for PBXNativeTarget "SugarSyncSDK" */ = {
			isa = XCConfigurationList;
			buildConfigurations = (
				47E60DD8162694450007BBBC /* Debug */,
				47E60DD9162694450007BBBC /* Release */,
			);
			defaultConfigurationIsVisible = 0;
			defaultConfigurationName = Release;
		};
/* End XCConfigurationList section */
	};
	rootObject = 47E60DBC162694450007BBBC /* Project object */;
}
